
Microsoft Visual Studio Solution File, Format Version 12.00
# Visual Studio Version 16
VisualStudioVersion = 16.0.31112.23
MinimumVisualStudioVersion = 10.0.40219.1
Project("{FAE04EC0-301F-11D3-BF4B-00C04F79EFBC}") = "DataGrid", "DataGrid\DataGrid.csproj", "{928D452E-B8F4-41BA-8D07-ADF2B7F6295D}"
EndProject
Global
	GlobalSection(SolutionConfigurationPlatforms) = preSolution
		Debug|Any CPU = Debug|Any CPU
		Release|Any CPU = Release|Any CPU
	EndGlobalSection
	GlobalSection(ProjectConfigurationPlatforms) = postSolution
		{928D452E-B8F4-41BA-8D07-ADF2B7F6295D}.Debug|Any CPU.ActiveCfg = Debug|Any CPU
		{928D452E-B8F4-41BA-8D07-ADF2B7F6295D}.Debug|Any CPU.Build.0 = Debug|Any CPU
		{928D452E-B8F4-41BA-8D07-ADF2B7F6295D}.Release|Any CPU.ActiveCfg = Release|Any CPU
		{928D452E-B8F4-41BA-8D07-ADF2B7F6295D}.Release|Any CPU.Build.0 = Release|Any CPU
	EndGlobalSection
	GlobalSection(SolutionProperties) = preSolution
		HideSolutionNode = FALSE
	EndGlobalSection
	GlobalSection(ExtensibilityGlobals) = postSolution
		SolutionGuid = {0B7A9261-4140-4897-8CD6-90E7C8B9768D}
	EndGlobalSection
EndGlobal
